{
  "requires": true,
  "lockfileVersion": 1,
  "dependencies": {
    "@react-hook/event": {
      "version": "1.2.6",
      "resolved": "https://registry.npmjs.org/@react-hook/event/-/event-1.2.6.tgz",
      "integrity": "sha512-JUL5IluaOdn5w5Afpe/puPa1rj8X6udMlQ9dt4hvMuKmTrBS1Ya6sb4sVgvfe2eU4yDuOfAhik8xhbcCekbg9Q=="
    },
    "@react-hook/latest": {
      "version": "1.0.3",
      "resolved": "https://registry.npmjs.org/@react-hook/latest/-/latest-1.0.3.tgz",
      "integrity": "sha512-dy6duzl+JnAZcDbNTfmaP3xHiKtbXYOaz3G51MGVljh548Y8MWzTr+PHLOfvpypEVW9zwvl+VyKjbWKEVbV1Rg=="
    },
    "@react-hook/mouse-position": {
      "version": "4.1.3",
      "resolved": "https://registry.npmjs.org/@react-hook/mouse-position/-/mouse-position-4.1.3.tgz",
      "integrity": "sha512-+N4X75CmFiZVEySVmz54MkHk68FqKbbBG2rMCSbGSCCFdypV7rAHiatZwx9Ruq/XfQ01XCxBPaLNMiW69mY19Q==",
      "requires": {
        "@react-hook/event": "^1.2.6",
        "@react-hook/throttle": "^2.2.0"
      }
    },
    "@react-hook/throttle": {
      "version": "2.2.0",
      "resolved": "https://registry.npmjs.org/@react-hook/throttle/-/throttle-2.2.0.tgz",
      "integrity": "sha512-LJ5eg+yMV8lXtqK3lR+OtOZ2WH/EfWvuiEEu0M3bhR7dZRfTyEJKxH1oK9uyBxiXPtWXiQggWbZirMCXam51tg==",
      "requires": {
        "@react-hook/latest": "^1.0.2"
      }
    }
  }
}
